
Microsoft Visual Studio Solution File, Format Version 12.00
# Visual Studio Version 16
VisualStudioVersion = 16.0.28922.388
MinimumVisualStudioVersion = 10.0.40219.1
Project("{F2A71F9B-5D33-465A-A702-920D77279786}") = "SuaveWebApp", "SuaveWebApp\SuaveWebApp.fsproj", "{EBCA30ED-0352-4A93-B3C9-5FCB49D9F57C}"
EndProject
Global
	GlobalSection(SolutionConfigurationPlatforms) = preSolution
		Debug|Any CPU = Debug|Any CPU
		Release|Any CPU = Release|Any CPU
	EndGlobalSection
	GlobalSection(ProjectConfigurationPlatforms) = postSolution
		{EBCA30ED-0352-4A93-B3C9-5FCB49D9F57C}.Debug|Any CPU.ActiveCfg = Debug|Any CPU
		{EBCA30ED-0352-4A93-B3C9-5FCB49D9F57C}.Debug|Any CPU.Build.0 = Debug|Any CPU
		{EBCA30ED-0352-4A93-B3C9-5FCB49D9F57C}.Release|Any CPU.ActiveCfg = Release|Any CPU
		{EBCA30ED-0352-4A93-B3C9-5FCB49D9F57C}.Release|Any CPU.Build.0 = Release|Any CPU
	EndGlobalSection
	GlobalSection(SolutionProperties) = preSolution
		HideSolutionNode = FALSE
	EndGlobalSection
	GlobalSection(ExtensibilityGlobals) = postSolution
		SolutionGuid = {B74DDB36-A436-47EC-861D-4CDAD81A920A}
	EndGlobalSection
EndGlobal
